
Microsoft Visual Studio Solution File, Format Version 12.00
# Visual Studio Version 17
VisualStudioVersion = 17.5.33516.290
MinimumVisualStudioVersion = 10.0.40219.1
Project("{FAE04EC0-301F-11D3-BF4B-00C04F79EFBC}") = "full_chat", "full_chat\full_chat.csproj", "{2E9F61A0-612C-4422-A293-896D2FC0D0DB}"
EndProject
Global
	GlobalSection(SolutionConfigurationPlatforms) = preSolution
		Debug|Any CPU = Debug|Any CPU
		Release|Any CPU = Release|Any CPU
	EndGlobalSection
	GlobalSection(ProjectConfigurationPlatforms) = postSolution
		{2E9F61A0-612C-4422-A293-896D2FC0D0DB}.Debug|Any CPU.ActiveCfg = Debug|Any CPU
		{2E9F61A0-612C-4422-A293-896D2FC0D0DB}.Debug|Any CPU.Build.0 = Debug|Any CPU
		{2E9F61A0-612C-4422-A293-896D2FC0D0DB}.Release|Any CPU.ActiveCfg = Release|Any CPU
		{2E9F61A0-612C-4422-A293-896D2FC0D0DB}.Release|Any CPU.Build.0 = Release|Any CPU
	EndGlobalSection
	GlobalSection(SolutionProperties) = preSolution
		HideSolutionNode = FALSE
	EndGlobalSection
	GlobalSection(ExtensibilityGlobals) = postSolution
		SolutionGuid = {5FC3A935-4161-45B6-90D6-2666E75E535D}
	EndGlobalSection
EndGlobal
